Microsoft Visual Studio Solution File, Format Version 12.00
# Visual Studio Version 17
VisualStudioVersion = 17.0.31903.59
MinimumVisualStudioVersion = 10.0.40219.1
Project("{FAE04EC0-301F-11D3-BF4B-00C04F79EFBC}") = "UsefulTankards", "UsefulTankards.csproj", "{C4125E26-AB66-46F5-B6B3-4A4C3D11E57E}"
EndProject
Project("{2150E333-8FDC-42A3-9474-1A3956D46DE8}") = "Solution Items", "Solution Items", "{B8D9B7E2-6E14-4E03-8D1E-3B9B65E7B19D}"
	ProjectSection(SolutionItems) = preProject
		README.md = README.md
	EndProjectSection
EndProject
Global
	GlobalSection(SolutionConfigurationPlatforms) = preSolution
		Debug|Any CPU = Debug|Any CPU
		Release|Any CPU = Release|Any CPU
	EndGlobalSection
	GlobalSection(ProjectConfigurationPlatforms) = postSolution
		{C4125E26-AB66-46F5-B6B3-4A4C3D11E57E}.Debug|Any CPU.ActiveCfg = Debug|AnyCPU
		{C4125E26-AB66-46F5-B6B3-4A4C3D11E57E}.Debug|Any CPU.Build.0 = Debug|AnyCPU
		{C4125E26-AB66-46F5-B6B3-4A4C3D11E57E}.Release|Any CPU.ActiveCfg = Release|AnyCPU
		{C4125E26-AB66-46F5-B6B3-4A4C3D11E57E}.Release|Any CPU.Build.0 = Release|AnyCPU
	EndGlobalSection
	GlobalSection(SolutionProperties) = preSolution
		HideSolutionNode = FALSE
	EndGlobalSection
EndGlobal
